
Microsoft Visual Studio Solution File, Format Version 12.00
# Visual Studio Version 17
VisualStudioVersion = 17.12.35521.163
MinimumVisualStudioVersion = 10.0.40219.1
Project("{F2A71F9B-5D33-465A-A702-920D77279786}") = "Branching", "Branching\Branching.fsproj", "{ACC52518-3E4E-40DA-AEF8-E1DBBB87F5E4}"
EndProject
Global
	GlobalSection(SolutionConfigurationPlatforms) = preSolution
		Debug|Any CPU = Debug|Any CPU
		Release|Any CPU = Release|Any CPU
	EndGlobalSection
	GlobalSection(ProjectConfigurationPlatforms) = postSolution
		{ACC52518-3E4E-40DA-AEF8-E1DBBB87F5E4}.Debug|Any CPU.ActiveCfg = Debug|Any CPU
		{ACC52518-3E4E-40DA-AEF8-E1DBBB87F5E4}.Debug|Any CPU.Build.0 = Debug|Any CPU
		{ACC52518-3E4E-40DA-AEF8-E1DBBB87F5E4}.Release|Any CPU.ActiveCfg = Release|Any CPU
		{ACC52518-3E4E-40DA-AEF8-E1DBBB87F5E4}.Release|Any CPU.Build.0 = Release|Any CPU
	EndGlobalSection
	GlobalSection(SolutionProperties) = preSolution
		HideSolutionNode = FALSE
	EndGlobalSection
EndGlobal
