
Microsoft Visual Studio Solution File, Format Version 12.00
# Visual Studio Version 17
VisualStudioVersion = 17.12.35521.163
MinimumVisualStudioVersion = 10.0.40219.1
Project("{F2A71F9B-5D33-465A-A702-920D77279786}") = "BuiltIn", "BuiltIn\BuiltIn.fsproj", "{CA9B9C61-25E8-4986-8FBE-28E8399455B1}"
EndProject
Global
	GlobalSection(SolutionConfigurationPlatforms) = preSolution
		Debug|Any CPU = Debug|Any CPU
		Release|Any CPU = Release|Any CPU
	EndGlobalSection
	GlobalSection(ProjectConfigurationPlatforms) = postSolution
		{CA9B9C61-25E8-4986-8FBE-28E8399455B1}.Debug|Any CPU.ActiveCfg = Debug|Any CPU
		{CA9B9C61-25E8-4986-8FBE-28E8399455B1}.Debug|Any CPU.Build.0 = Debug|Any CPU
		{CA9B9C61-25E8-4986-8FBE-28E8399455B1}.Release|Any CPU.ActiveCfg = Release|Any CPU
		{CA9B9C61-25E8-4986-8FBE-28E8399455B1}.Release|Any CPU.Build.0 = Release|Any CPU
	EndGlobalSection
	GlobalSection(SolutionProperties) = preSolution
		HideSolutionNode = FALSE
	EndGlobalSection
EndGlobal
